
Microsoft Visual Studio Solution File, Format Version 12.00
# Visual Studio 15
VisualStudioVersion = 15.0.28307.489
MinimumVisualStudioVersion = 10.0.40219.1
Project("{2150E333-8FDC-42A3-9474-1A3956D46DE8}") = "Solution Items", "Solution Items", "{B1F35B46-B173-4C59-B43E-3FBC438259B3}"
	ProjectSection(SolutionItems) = preProject
		CaseData.sql = CaseData.sql
	EndProjectSection
EndProject
Project("{FAE04EC0-301F-11D3-BF4B-00C04F79EFBC}") = "BussinessLogic", "BussinessLogic\BussinessLogic.csproj", "{30736AB4-F801-42A5-8A96-13BF57466DBC}"
EndProject
Project("{FAE04EC0-301F-11D3-BF4B-00C04F79EFBC}") = "nUnit.Tests", "nUnit\nUnit.Tests.csproj", "{CAE3BB9D-6378-4F86-A8E7-5884995D3BC7}"
EndProject
Project("{FAE04EC0-301F-11D3-BF4B-00C04F79EFBC}") = "WebAPI", "WebAPI\WebAPI.csproj", "{E9ED467B-EE63-4923-A260-4E06F4883942}"
EndProject
Project("{FAE04EC0-301F-11D3-BF4B-00C04F79EFBC}") = "AngularCaseStudy", "AngularCaseStudy\AngularCaseStudy.csproj", "{C29C9463-F409-4FFC-BE28-2D87A4030349}"
EndProject
Global
	GlobalSection(SolutionConfigurationPlatforms) = preSolution
		Debug|Any CPU = Debug|Any CPU
		Release|Any CPU = Release|Any CPU
	EndGlobalSection
	GlobalSection(ProjectConfigurationPlatforms) = postSolution
		{30736AB4-F801-42A5-8A96-13BF57466DBC}.Debug|Any CPU.ActiveCfg = Debug|Any CPU
		{30736AB4-F801-42A5-8A96-13BF57466DBC}.Debug|Any CPU.Build.0 = Debug|Any CPU
		{30736AB4-F801-42A5-8A96-13BF57466DBC}.Release|Any CPU.ActiveCfg = Release|Any CPU
		{30736AB4-F801-42A5-8A96-13BF57466DBC}.Release|Any CPU.Build.0 = Release|Any CPU
		{CAE3BB9D-6378-4F86-A8E7-5884995D3BC7}.Debug|Any CPU.ActiveCfg = Debug|Any CPU
		{CAE3BB9D-6378-4F86-A8E7-5884995D3BC7}.Debug|Any CPU.Build.0 = Debug|Any CPU
		{CAE3BB9D-6378-4F86-A8E7-5884995D3BC7}.Release|Any CPU.ActiveCfg = Release|Any CPU
		{CAE3BB9D-6378-4F86-A8E7-5884995D3BC7}.Release|Any CPU.Build.0 = Release|Any CPU
		{E9ED467B-EE63-4923-A260-4E06F4883942}.Debug|Any CPU.ActiveCfg = Debug|Any CPU
		{E9ED467B-EE63-4923-A260-4E06F4883942}.Debug|Any CPU.Build.0 = Debug|Any CPU
		{E9ED467B-EE63-4923-A260-4E06F4883942}.Release|Any CPU.ActiveCfg = Release|Any CPU
		{E9ED467B-EE63-4923-A260-4E06F4883942}.Release|Any CPU.Build.0 = Release|Any CPU
		{C29C9463-F409-4FFC-BE28-2D87A4030349}.Debug|Any CPU.ActiveCfg = Debug|Any CPU
		{C29C9463-F409-4FFC-BE28-2D87A4030349}.Debug|Any CPU.Build.0 = Debug|Any CPU
		{C29C9463-F409-4FFC-BE28-2D87A4030349}.Release|Any CPU.ActiveCfg = Release|Any CPU
		{C29C9463-F409-4FFC-BE28-2D87A4030349}.Release|Any CPU.Build.0 = Release|Any CPU
	EndGlobalSection
	GlobalSection(SolutionProperties) = preSolution
		HideSolutionNode = FALSE
	EndGlobalSection
	GlobalSection(ExtensibilityGlobals) = postSolution
		SolutionGuid = {B69E974F-5FEC-4922-8E12-39C93AC5A9E4}
	EndGlobalSection
EndGlobal
